
Microsoft Visual Studio Solution File, Format Version 12.00
# Visual Studio Version 16
VisualStudioVersion = 16.0.29418.71
MinimumVisualStudioVersion = 10.0.40219.1
Project("{FAE04EC0-301F-11D3-BF4B-00C04F79EFBC}") = "IoCTest", "IoCTest\IoCTest.csproj", "{2DBBB10B-C8BB-4035-AD8B-A482443CF456}"
EndProject
Project("{FAE04EC0-301F-11D3-BF4B-00C04F79EFBC}") = "IoCTestUnitTesting", "IoCTestUnitTesting\IoCTestUnitTesting.csproj", "{027A8478-A66E-4B66-B9E5-DA31E62CE7B6}"
EndProject
Global
	GlobalSection(SolutionConfigurationPlatforms) = preSolution
		Debug|Any CPU = Debug|Any CPU
		Release|Any CPU = Release|Any CPU
	EndGlobalSection
	GlobalSection(ProjectConfigurationPlatforms) = postSolution
		{2DBBB10B-C8BB-4035-AD8B-A482443CF456}.Debug|Any CPU.ActiveCfg = Debug|Any CPU
		{2DBBB10B-C8BB-4035-AD8B-A482443CF456}.Debug|Any CPU.Build.0 = Debug|Any CPU
		{2DBBB10B-C8BB-4035-AD8B-A482443CF456}.Release|Any CPU.ActiveCfg = Release|Any CPU
		{2DBBB10B-C8BB-4035-AD8B-A482443CF456}.Release|Any CPU.Build.0 = Release|Any CPU
		{027A8478-A66E-4B66-B9E5-DA31E62CE7B6}.Debug|Any CPU.ActiveCfg = Debug|Any CPU
		{027A8478-A66E-4B66-B9E5-DA31E62CE7B6}.Debug|Any CPU.Build.0 = Debug|Any CPU
		{027A8478-A66E-4B66-B9E5-DA31E62CE7B6}.Release|Any CPU.ActiveCfg = Release|Any CPU
		{027A8478-A66E-4B66-B9E5-DA31E62CE7B6}.Release|Any CPU.Build.0 = Release|Any CPU
	EndGlobalSection
	GlobalSection(SolutionProperties) = preSolution
		HideSolutionNode = FALSE
	EndGlobalSection
	GlobalSection(ExtensibilityGlobals) = postSolution
		SolutionGuid = {C9ECB161-D9E9-489A-8290-AC4516236F85}
	EndGlobalSection
EndGlobal
